
Microsoft Visual Studio Solution File, Format Version 12.00
# Visual Studio 15
VisualStudioVersion = 15.0.27130.2036
MinimumVisualStudioVersion = 10.0.40219.1
Project("{8BC9CEB8-8B4A-11D0-8D11-00A0C91BC942}") = "StoneMoney", "StoneMoney\StoneMoney.vcxproj", "{A9BF5B1F-C8CC-4F59-8993-4B9BD7A688BA}"
EndProject
Global
	GlobalSection(SolutionConfigurationPlatforms) = preSolution
		Debug|x64 = Debug|x64
		Debug|x86 = Debug|x86
		Release|x64 = Release|x64
		Release|x86 = Release|x86
	EndGlobalSection
	GlobalSection(ProjectConfigurationPlatforms) = postSolution
		{A9BF5B1F-C8CC-4F59-8993-4B9BD7A688BA}.Debug|x64.ActiveCfg = Debug|x64
		{A9BF5B1F-C8CC-4F59-8993-4B9BD7A688BA}.Debug|x64.Build.0 = Debug|x64
		{A9BF5B1F-C8CC-4F59-8993-4B9BD7A688BA}.Debug|x86.ActiveCfg = Debug|Win32
		{A9BF5B1F-C8CC-4F59-8993-4B9BD7A688BA}.Debug|x86.Build.0 = Debug|Win32
		{A9BF5B1F-C8CC-4F59-8993-4B9BD7A688BA}.Release|x64.ActiveCfg = Release|x64
		{A9BF5B1F-C8CC-4F59-8993-4B9BD7A688BA}.Release|x64.Build.0 = Release|x64
		{A9BF5B1F-C8CC-4F59-8993-4B9BD7A688BA}.Release|x86.ActiveCfg = Release|Win32
		{A9BF5B1F-C8CC-4F59-8993-4B9BD7A688BA}.Release|x86.Build.0 = Release|Win32
	EndGlobalSection
	GlobalSection(SolutionProperties) = preSolution
		HideSolutionNode = FALSE
	EndGlobalSection
	GlobalSection(ExtensibilityGlobals) = postSolution
		SolutionGuid = {651A7229-73C8-49DF-9A4C-F34E12F870B9}
	EndGlobalSection
EndGlobal
